
Microsoft Visual Studio Solution File, Format Version 12.00
# Visual Studio Version 16
VisualStudioVersion = 16.0.32802.440
MinimumVisualStudioVersion = 10.0.40219.1
Project("{FAE04EC0-301F-11D3-BF4B-00C04F79EFBC}") = "VSAS", "VSAS\VSAS.csproj", "{9BA22483-D927-4B0C-BD47-276477E00186}"
EndProject
Global
	GlobalSection(SolutionConfigurationPlatforms) = preSolution
		Debug|Any CPU = Debug|Any CPU
		Release|Any CPU = Release|Any CPU
	EndGlobalSection
	GlobalSection(ProjectConfigurationPlatforms) = postSolution
		{9BA22483-D927-4B0C-BD47-276477E00186}.Debug|Any CPU.ActiveCfg = Debug|Any CPU
		{9BA22483-D927-4B0C-BD47-276477E00186}.Debug|Any CPU.Build.0 = Debug|Any CPU
		{9BA22483-D927-4B0C-BD47-276477E00186}.Release|Any CPU.ActiveCfg = Release|Any CPU
		{9BA22483-D927-4B0C-BD47-276477E00186}.Release|Any CPU.Build.0 = Release|Any CPU
	EndGlobalSection
	GlobalSection(SolutionProperties) = preSolution
		HideSolutionNode = FALSE
	EndGlobalSection
	GlobalSection(ExtensibilityGlobals) = postSolution
		SolutionGuid = {2EE75886-AD4D-408D-8662-0D7CE718702E}
	EndGlobalSection
EndGlobal
